{
  "name": "nodemybatis",
  "version": "0.0.1",
  "lockfileVersion": 1,
  "requires": true,
  "dependencies": {
    "@types/node": {
      "version": "10.5.3",
      "resolved": "http://registry.npm.taobao.org/@types/node/download/@types/node-10.5.3.tgz",
      "integrity": "sha1-W8+vCIrReJQjIBKHdmljTAayDMU=",
      "dev": true
    },
    "net": {
      "version": "1.0.2",
      "resolved": "http://registry.npm.taobao.org/net/download/net-1.0.2.tgz",
      "integrity": "sha1-0XV+yaf7I3HYPPR1XOPifhCCk4g=",
      "dev": true
    },
    "typescript": {
      "version": "2.9.2",
      "resolved": "http://registry.npm.taobao.org/typescript/download/typescript-2.9.2.tgz",
      "integrity": "sha1-HL9h0F1rliaSROtqO85L2RTg8Aw="
    }
  }
}
